
Microsoft Visual Studio Solution File, Format Version 12.00
# Visual Studio Version 16
VisualStudioVersion = 16.0.30621.155
MinimumVisualStudioVersion = 10.0.40219.1
Project("{FAE04EC0-301F-11D3-BF4B-00C04F79EFBC}") = "UFTStest1", "UFTStest1\UFTStest1.csproj", "{EE6F3585-850A-44CD-8CF3-9D30B6465A77}"
EndProject
Global
	GlobalSection(SolutionConfigurationPlatforms) = preSolution
		Debug|Any CPU = Debug|Any CPU
		Release|Any CPU = Release|Any CPU
	EndGlobalSection
	GlobalSection(ProjectConfigurationPlatforms) = postSolution
		{EE6F3585-850A-44CD-8CF3-9D30B6465A77}.Debug|Any CPU.ActiveCfg = Debug|Any CPU
		{EE6F3585-850A-44CD-8CF3-9D30B6465A77}.Debug|Any CPU.Build.0 = Debug|Any CPU
		{EE6F3585-850A-44CD-8CF3-9D30B6465A77}.Release|Any CPU.ActiveCfg = Release|Any CPU
		{EE6F3585-850A-44CD-8CF3-9D30B6465A77}.Release|Any CPU.Build.0 = Release|Any CPU
	EndGlobalSection
	GlobalSection(SolutionProperties) = preSolution
		HideSolutionNode = FALSE
	EndGlobalSection
	GlobalSection(ExtensibilityGlobals) = postSolution
		SolutionGuid = {11916DEA-F9E2-41BC-89C0-41F10E17CCC3}
	EndGlobalSection
EndGlobal
